
Microsoft Visual Studio Solution File, Format Version 12.00
# Visual Studio Version 17
VisualStudioVersion = 17.14.36518.9
MinimumVisualStudioVersion = 10.0.40219.1
Project("{FAE04EC0-301F-11D3-BF4B-00C04F79EFBC}") = "SCLAB_Client", "SCLAB_Client\SCLAB_Client.csproj", "{CE2545E9-4043-493B-BDE9-CB7FF3C35E18}"
EndProject
Project("{FAE04EC0-301F-11D3-BF4B-00C04F79EFBC}") = "SCLAB_Entities", "SCLAB_Entities\SCLAB_Entities.csproj", "{5711A90A-F1F5-FC0F-FACB-BC032E5DB564}"
EndProject
Project("{FAE04EC0-301F-11D3-BF4B-00C04F79EFBC}") = "SCLAB_API", "SCLAB_API\SCLAB_API.csproj", "{7F15DB9C-496B-65DC-C0F0-2CF121275F71}"
EndProject
Global
	GlobalSection(SolutionConfigurationPlatforms) = preSolution
		Debug|Any CPU = Debug|Any CPU
		Release|Any CPU = Release|Any CPU
	EndGlobalSection
	GlobalSection(ProjectConfigurationPlatforms) = postSolution
		{CE2545E9-4043-493B-BDE9-CB7FF3C35E18}.Debug|Any CPU.ActiveCfg = Debug|Any CPU
		{CE2545E9-4043-493B-BDE9-CB7FF3C35E18}.Debug|Any CPU.Build.0 = Debug|Any CPU
		{CE2545E9-4043-493B-BDE9-CB7FF3C35E18}.Release|Any CPU.ActiveCfg = Release|Any CPU
		{CE2545E9-4043-493B-BDE9-CB7FF3C35E18}.Release|Any CPU.Build.0 = Release|Any CPU
		{5711A90A-F1F5-FC0F-FACB-BC032E5DB564}.Debug|Any CPU.ActiveCfg = Debug|Any CPU
		{5711A90A-F1F5-FC0F-FACB-BC032E5DB564}.Debug|Any CPU.Build.0 = Debug|Any CPU
		{5711A90A-F1F5-FC0F-FACB-BC032E5DB564}.Release|Any CPU.ActiveCfg = Release|Any CPU
		{5711A90A-F1F5-FC0F-FACB-BC032E5DB564}.Release|Any CPU.Build.0 = Release|Any CPU
		{7F15DB9C-496B-65DC-C0F0-2CF121275F71}.Debug|Any CPU.ActiveCfg = Debug|Any CPU
		{7F15DB9C-496B-65DC-C0F0-2CF121275F71}.Debug|Any CPU.Build.0 = Debug|Any CPU
		{7F15DB9C-496B-65DC-C0F0-2CF121275F71}.Release|Any CPU.ActiveCfg = Release|Any CPU
		{7F15DB9C-496B-65DC-C0F0-2CF121275F71}.Release|Any CPU.Build.0 = Release|Any CPU
	EndGlobalSection
	GlobalSection(SolutionProperties) = preSolution
		HideSolutionNode = FALSE
	EndGlobalSection
	GlobalSection(ExtensibilityGlobals) = postSolution
		SolutionGuid = {D9A19AEF-FA31-445F-B52B-CC130E50E472}
	EndGlobalSection
EndGlobal
